
Microsoft Visual Studio Solution File, Format Version 12.00
# Visual Studio Version 17
VisualStudioVersion = 17.2.32505.173
MinimumVisualStudioVersion = 10.0.40219.1
Project("{FAE04EC0-301F-11D3-BF4B-00C04F79EFBC}") = "Exercicio2", "Exercicio2\Exercicio2.csproj", "{60E0BDA1-400A-4C19-BA05-0C18A8D08897}"
EndProject
Global
	GlobalSection(SolutionConfigurationPlatforms) = preSolution
		Debug|Any CPU = Debug|Any CPU
		Release|Any CPU = Release|Any CPU
	EndGlobalSection
	GlobalSection(ProjectConfigurationPlatforms) = postSolution
		{60E0BDA1-400A-4C19-BA05-0C18A8D08897}.Debug|Any CPU.ActiveCfg = Debug|Any CPU
		{60E0BDA1-400A-4C19-BA05-0C18A8D08897}.Debug|Any CPU.Build.0 = Debug|Any CPU
		{60E0BDA1-400A-4C19-BA05-0C18A8D08897}.Release|Any CPU.ActiveCfg = Release|Any CPU
		{60E0BDA1-400A-4C19-BA05-0C18A8D08897}.Release|Any CPU.Build.0 = Release|Any CPU
	EndGlobalSection
	GlobalSection(SolutionProperties) = preSolution
		HideSolutionNode = FALSE
	EndGlobalSection
	GlobalSection(ExtensibilityGlobals) = postSolution
		SolutionGuid = {FD2C5A51-4E5F-4649-893E-80127A57E4D8}
	EndGlobalSection
EndGlobal
