
Microsoft Visual Studio Solution File, Format Version 12.00
# Visual Studio Version 17
VisualStudioVersion = 17.2.32505.173
MinimumVisualStudioVersion = 10.0.40219.1
Project("{FAE04EC0-301F-11D3-BF4B-00C04F79EFBC}") = "Exercicio6", "Exercicio6\Exercicio6.csproj", "{046DC41E-23E9-467F-ACDC-56EB6853165A}"
EndProject
Global
	GlobalSection(SolutionConfigurationPlatforms) = preSolution
		Debug|Any CPU = Debug|Any CPU
		Release|Any CPU = Release|Any CPU
	EndGlobalSection
	GlobalSection(ProjectConfigurationPlatforms) = postSolution
		{046DC41E-23E9-467F-ACDC-56EB6853165A}.Debug|Any CPU.ActiveCfg = Debug|Any CPU
		{046DC41E-23E9-467F-ACDC-56EB6853165A}.Debug|Any CPU.Build.0 = Debug|Any CPU
		{046DC41E-23E9-467F-ACDC-56EB6853165A}.Release|Any CPU.ActiveCfg = Release|Any CPU
		{046DC41E-23E9-467F-ACDC-56EB6853165A}.Release|Any CPU.Build.0 = Release|Any CPU
	EndGlobalSection
	GlobalSection(SolutionProperties) = preSolution
		HideSolutionNode = FALSE
	EndGlobalSection
	GlobalSection(ExtensibilityGlobals) = postSolution
		SolutionGuid = {EB29864E-46A6-45A2-80D4-3EF483524EF5}
	EndGlobalSection
EndGlobal
